github.com/Masterminds/semver/v3 v3.4.0 h1:Zog+i5UMtVoCU8oKka5P7i9q9HgrJeGzI9SA1Xbatp0=
github.com/Masterminds/semver/v3 v3.4.0/go.mod h1:4V+yj/TJE1HU9XfppCwVMZq3I84lprf4nC11bSS5beM=
github.com/cpuguy83/go-md2man/v2 v2.0.7 h1:zbFlGlXEAKlwXpmvle3d8Oe3YnkKIK4xSRTd3sHPnBo=
github.com/cpuguy83/go-md2man/v2 v2.0.7/go.mod h1:oOW0eioCTA6cOiMLiUPZOpcVxMig6NIQQ7OS05n1F4g=
github.com/gen2brain/malgo v0.11.24 h1:hHcIJVfzWcEDHFdPl5Dl/CUSOjzOleY0zzAV8Kx+imE=
github.com/gen2brain/malgo v0.11.24/go.mod h1:f9TtuN7DVrXMiV/yIceMeWpvanyVzJQMlBecJFVMxww=
github.com/go-gl/gl v0.0.0-20231021071112-07e5d0ea2e71 h1:5BVwOaUSBTlVZowGO6VZGw2H/zl9nrd3eCZfYV+NfQA=
github.com/go-gl/gl v0.0.0-20231021071112-07e5d0ea2e71/go.mod h1:9YTyiznxEY1fVinfM7RvRcjRHbw2xLBJ3AAGIT0I4Nw=
github.com/go-gl/glfw/v3.3/glfw v0.0.0-20250301202403-da16c1255728 h1:RkGhqHxEVAvPM0/R+8g7XRwQnHatO0KAuVcwHo8q9W8=
github.com/go-gl/glfw/v3.3/glfw v0.0.0-20250301202403-da16c1255728/go.mod h1:SyRD8YfuKk+ZXlDqYiqe1qMSqjNgtHzBTG810KUagMc=
github.com/go-logr/logr v1.4.3 h1:CjnDlHq8ikf6E492q6eKboGOC0T8CDaOvkHCIg8idEI=
github.com/go-logr/logr v1.4.3/go.mod h1:9T104GzyrTigFIr8wt5mBrctHMim0Nb2HLGrmQ40KvY=
github.com/go-task/slim-sprig/v3 v3.0.0 h1:sUs3vkvUymDpBKi3qH1YSqBQk9+9D/8M2mN1vB6EwHI=
github.com/go-task/slim-sprig/v3 v3.0.0/go.mod h1:W848ghGpv3Qj3dhTPRyJypKRiqCdHZiAzKg9hl15HA8=
github.com/go-test/deep v1.0.1 h1:UQhStjbkDClarlmv0am7OXXO4/GaPdCGiUiMTvi28sg=
github.com/go-test/deep v1.0.1/go.mod h1:wGDj63lr65AM2AQyKZd/NYHGb0R+1RLqB8NKt3aSFNA=
github.com/google/go-cmp v0.7.0 h1:wk8382ETsv4JYUZwIsn6YpYiWiBsYLSJiTsyBybVuN8=
github.com/google/go-cmp v0.7.0/go.mod h1:pXiqmnSA92OHEEa9HXL2W4E7lf9JzCmGVUdgjX3N/iU=
github.com/google/pprof v0.0.0-20251114195745-4902fdda35c8 h1:3DsUAV+VNEQa2CUVLxCY3f87278uWfIDhJnbdvDjvmE=
github.com/google/pprof v0.0.0-20251114195745-4902fdda35c8/go.mod h1:I6V7YzU0XDpsHqbsyrghnFZLO1gwK6NPTNvmetQIk9U=
github.com/google/uuid v1.6.0 h1:NIvaJDMOsjHA8n1jAhLSgzrAzy1Hgr+hNrb57e+94F0=
github.com/google/uuid v1.6.0/go.mod h1:TIyPZe4MgqvfeYDBFedMoGGpEw/LqOeaOT+nhxU+yHo=
github.com/hajimehoshi/go-mp3 v0.3.4 h1:NUP7pBYH8OguP4diaTZ9wJbUbk3tC0KlfzsEpWmYj68=
github.com/hajimehoshi/go-mp3 v0.3.4/go.mod h1:fRtZraRFcWb0pu7ok0LqyFhCUrPeMsGRSVop0eemFmo=
github.com/hajimehoshi/oto/v2 v2.3.1/go.mod h1:seWLbgHH7AyUMYKfKYT9pg7PhUu9/SisyJvNTT+ASQo=
github.com/lucasb-eyer/go-colorful v1.3.0 h1:2/yBRLdWBZKrf7gB40FoiKfAWYQ0lqNcbuQwVHXptag=
github.com/lucasb-eyer/go-colorful v1.3.0/go.mod h1:R4dSotOR9KMtayYi1e77YzuveK+i7ruzyGqttikkLy0=
github.com/mdouchement/hdr v0.2.4 h1:k0ojx7smWvWw8En2BjUnb144j48gAExu5mv+ogNrkTc=
github.com/mdouchement/hdr v0.2.4/go.mod h1:uezK2oUhYtoRLkTD0J4ryiOsu/oWLjRXx0I/92mIRmQ=
github.com/mokiat/gblob v0.5.0 h1:CF4/aWavIvR2sjioEQSMktvmivu8H2OQ1lnbh6poICI=
github.com/mokiat/gblob v0.5.0/go.mod h1:lG1XkaKsZ06gAxuBPChKLrKXKzOA4xnIZtGFg7VoFBk=
github.com/mokiat/goexr v0.1.0 h1:zoDvzvIjs/GpkxJDVcCP6GafLp1nOuNDef9JL8KSd2A=
github.com/mokiat/goexr v0.1.0/go.mod h1:KhERYaXCcY2ZEaTg1/LyzJ7pxdj/q3V1TxgViG86ck4=
github.com/mokiat/gog v0.21.0 h1:GfdsPpz/sHTip98Lhecv+6u+nVUpW6/v6bdUABSASF8=
github.com/mokiat/gog v0.21.0/go.mod h1:1aiR6J14o060Xuuw5wbtR7itILqrsrItOuGGTSbWhRA=
github.com/mokiat/gomath v0.15.0 h1:ybgU/26TeV2UVgqOILD3DHbyVVtxMXFc7riVxzMIsqI=
github.com/mokiat/gomath v0.15.0/go.mod h1:o1np3H2xOC9nhaQ33FWY4xrUi2vPTGOfNKIKb0T1AtU=
github.com/mokiat/lacking v0.23.0 h1:0EuNWE76/+C3Hi7RdCiQhfW0arog+a2XM8QejtsTc7g=
github.com/mokiat/lacking v0.23.0/go.mod h1:PKSB2NdRXDs/LQdHVY3+zsu0kxrh0lRyiOIRsOQMCBM=
github.com/mokiat/lacking-js v0.23.0 h1:7xF6F/39y5E2Q/LsH6yWfNmAGpaP22sk98fHUT230xs=
github.com/mokiat/lacking-js v0.23.0/go.mod h1:9KM8L1TE479QhRDn1H1fGu9GdpOKcacZ3qNdE21TjJ4=
github.com/mokiat/lacking-native v0.23.0 h1:A5hWY0on9ayX3/cqlifTdm02wR1/XJW28bp0WGcxhgQ=
github.com/mokiat/lacking-native v0.23.0/go.mod h1:3ivmWiyqBYmd0pYNl+wtFuJXE6VAdCRXIuvV1IfDHQE=
github.com/mokiat/lacking-studio v0.23.0 h1:fXTqLZBQsKQ2DTnjr6aGcVdvN8QTfQYYP//qyqyI0Bg=
github.com/mokiat/lacking-studio v0.23.0/go.mod h1:WKGi8Pf82jl7ROsp1rzSOLjDeG+chw3t99SWu7lUkbQ=
github.com/mokiat/wasmal v0.1.0 h1:oXB0FyLdHx43MMhjDSIHY7gqgVhscBtR+zhtZONNg4c=
github.com/mokiat/wasmal v0.1.0/go.mod h1:AhqEiyV8XfaVV8momUu+n8BD1wWtyimqutxhoM/wbuk=
github.com/mokiat/wasmgl v0.7.0 h1:fDXih3+11/7odIAZEfF2MOYGYJQHOGoy79dryO9yGHs=
github.com/mokiat/wasmgl v0.7.0/go.mod h1:fLgc64evRvpriHIFseJHawb566PrJNS+gVNnXjcPwGU=
github.com/onsi/ginkgo/v2 v2.27.2 h1:LzwLj0b89qtIy6SSASkzlNvX6WktqurSHwkk2ipF/Ns=
github.com/onsi/ginkgo/v2 v2.27.2/go.mod h1:ArE1D/XhNXBXCBkKOLkbsb2c81dQHCRcF5zwn/ykDRo=
github.com/onsi/gomega v1.38.2 h1:eZCjf2xjZAqe+LeWvKb5weQ+NcPwX84kqJ0cZNxok2A=
github.com/onsi/gomega v1.38.2/go.mod h1:W2MJcYxRGV63b418Ai34Ud0hEdTVXq9NW9+Sx6uXf3k=
github.com/qmuntal/gltf v0.28.0 h1:C4A1temWMPtcI2+qNfpfRq8FEJxoBGUN3ZZM8BCc+xU=
github.com/qmuntal/gltf v0.28.0/go.mod h1:YoXZOt0Nc0kIfSKOLZIRoV4FycdC+GzE+3JgiAGYoMs=
github.com/russross/blackfriday/v2 v2.1.0 h1:JIOH55/0cWyOuilr9/qlrm0BSXldqnqwMsf35Ld67mk=
github.com/russross/blackfriday/v2 v2.1.0/go.mod h1:+Rmxgy9KzJVeS9/2gXHxylqXiyQDYRxCVz55jmeOWTM=
github.com/urfave/cli/v2 v2.27.7 h1:bH59vdhbjLv3LAvIu6gd0usJHgoTTPhCFib8qqOwXYU=
github.com/urfave/cli/v2 v2.27.7/go.mod h1:CyNAG/xg+iAOg0N4MPGZqVmv2rCoP267496AOXUZjA4=
github.com/x448/float16 v0.8.4 h1:qLwI1I70+NjRFUR3zs1JPUCgaCXSh3SW62uAKT1mSBM=
github.com/x448/float16 v0.8.4/go.mod h1:14CWIYCyZA/cWjXOioeEpHeN/83MdbZDRQHoFcYsOfg=
github.com/xrash/smetrics v0.0.0-20250705151800-55b8f293f342 h1:FnBeRrxr7OU4VvAzt5X7s6266i6cSVkkFPS0TuXWbIg=
github.com/xrash/smetrics v0.0.0-20250705151800-55b8f293f342/go.mod h1:Ohn+xnUBiLI6FVj/9LpzZWtj1/D6lUovWYBkxHVV3aM=
go.yaml.in/yaml/v3 v3.0.4 h1:tfq32ie2Jv2UxXFdLJdh3jXuOzWiL1fo0bu/FbuKpbc=
go.yaml.in/yaml/v3 v3.0.4/go.mod h1:DhzuOOF2ATzADvBadXxruRBLzYTpT36CKvDb3+aBEFg=
golang.org/x/image v0.33.0 h1:LXRZRnv1+zGd5XBUVRFmYEphyyKJjQjCRiOuAP3sZfQ=
golang.org/x/image v0.33.0/go.mod h1:DD3OsTYT9chzuzTQt+zMcOlBHgfoKQb1gry8p76Y1sc=
golang.org/x/mod v0.30.0 h1:fDEXFVZ/fmCKProc/yAXXUijritrDzahmwwefnjoPFk=
golang.org/x/mod v0.30.0/go.mod h1:lAsf5O2EvJeSFMiBxXDki7sCgAxEUcZHXoXMKT4GJKc=
golang.org/x/net v0.47.0 h1:Mx+4dIFzqraBXUugkia1OOvlD6LemFo1ALMHjrXDOhY=
golang.org/x/net v0.47.0/go.mod h1:/jNxtkgq5yWUGYkaZGqo27cfGZ1c5Nen03aYrrKpVRU=
golang.org/x/sync v0.18.0 h1:kr88TuHDroi+UVf+0hZnirlk8o8T+4MrK6mr60WkH/I=
golang.org/x/sync v0.18.0/go.mod h1:9KTHXmSnoGruLpwFjVSX0lNNA75CykiMECbovNTZqGI=
golang.org/x/sys v0.0.0-20220712014510-0a85c31ab51e/go.mod h1:oPkhp1MJrh7nUepCBck5+mAzfO9JrbApNNgaTdGDITg=
golang.org/x/sys v0.38.0 h1:3yZWxaJjBmCWXqhN1qh02AkOnCQ1poK6oF+a7xWL6Gc=
golang.org/x/sys v0.38.0/go.mod h1:OgkHotnGiDImocRcuBABYBEXf8A9a87e/uXjp9XT3ks=
golang.org/x/text v0.31.0 h1:aC8ghyu4JhP8VojJ2lEHBnochRno1sgL6nEi9WGFGMM=
golang.org/x/text v0.31.0/go.mod h1:tKRAlv61yKIjGGHX/4tP1LTbc13YSec1pxVEWXzfoeM=
golang.org/x/tools v0.39.0 h1:ik4ho21kwuQln40uelmciQPp9SipgNDdrafrYA4TmQQ=
golang.org/x/tools v0.39.0/go.mod h1:JnefbkDPyD8UU2kI5fuf8ZX4/yUeh9W877ZeBONxUqQ=
